
Microsoft Visual Studio Solution File, Format Version 12.00
# Visual Studio Version 17
VisualStudioVersion = 17.13.35806.99 d17.13
MinimumVisualStudioVersion = 10.0.40219.1
Project("{FAE04EC0-301F-11D3-BF4B-00C04F79EFBC}") = "WebApplication1", "WebApplication1.csproj", "{B48AEF64-E149-4E0C-9118-24F72BC78E8A}"
EndProject
Global
	GlobalSection(SolutionConfigurationPlatforms) = preSolution
		Debug|Any CPU = Debug|Any CPU
		Release|Any CPU = Release|Any CPU
	EndGlobalSection
	GlobalSection(ProjectConfigurationPlatforms) = postSolution
		{B48AEF64-E149-4E0C-9118-24F72BC78E8A}.Debug|Any CPU.ActiveCfg = Debug|Any CPU
		{B48AEF64-E149-4E0C-9118-24F72BC78E8A}.Debug|Any CPU.Build.0 = Debug|Any CPU
		{B48AEF64-E149-4E0C-9118-24F72BC78E8A}.Release|Any CPU.ActiveCfg = Release|Any CPU
		{B48AEF64-E149-4E0C-9118-24F72BC78E8A}.Release|Any CPU.Build.0 = Release|Any CPU
	EndGlobalSection
	GlobalSection(SolutionProperties) = preSolution
		HideSolutionNode = FALSE
	EndGlobalSection
	GlobalSection(ExtensibilityGlobals) = postSolution
		SolutionGuid = {DAB3D5ED-F579-47A3-BC0D-28B0D4FB0A87}
	EndGlobalSection
EndGlobal
